// !$*UTF8*$!
{
	archiveVersion = 1;
	classes = {
	};
	objectVersion = 48;
	objects = {

/* Begin PBXBuildFile section */
		1833815F20D7C24C00D2096E /* AppDelegate.swift in Sources */ = {isa = PBXBuildFile; fileRef = 1833815E20D7C24C00D2096E /* AppDelegate.swift */; };
		1833816120D7C24C00D2096E /* ViewController.swift in Sources */ = {isa = PBXBuildFile; fileRef = 1833816020D7C24C00D2096E /* ViewController.swift */; };
		1833816420D7C24C00D2096E /* Main.storyboard in Resources */ = {isa = PBXBuildFile; fileRef = 1833816220D7C24C00D2096E /* Main.storyboard */; };
		1833816620D7C24C00D2096E /* Assets.xcassets in Resources */ = {isa = PBXBuildFile; fileRef = 1833816520D7C24C00D2096E /* Assets.xcassets */; };
		1833816920D7C24C00D2096E /* LaunchScreen.storyboard in Resources */ = {isa = PBXBuildFile; fileRef = 1833816720D7C24C00D2096E /* LaunchScreen.storyboard */; };
		1833817420D7C24C00D2096E /* _FATests.swift in Sources */ = {isa = PBXBuildFile; fileRef = 1833817320D7C24C00D2096E /* _FATests.swift */; };
		1833817F20D7C24C00D2096E /* _FAUITests.swift in Sources */ = {isa = PBXBuildFile; fileRef = 1833817E20D7C24C00D2096E /* _FAUITests.swift */; };
/* End PBXBuildFile section */

/* Begin PBXContainerItemProxy section */
		1833817020D7C24C00D2096E /* PBXContainerItemProxy */ = {
			isa = PBXContainerItemProxy;
			containerPortal = 1833815320D7C24C00D2096E /* Project object */;
			proxyType = 1;
			remoteGlobalIDString = 1833815A20D7C24C00D2096E;
			remoteInfo = 2FA;
		};
		1833817B20D7C24C00D2096E /* PBXContainerItemProxy */ = {
			isa = PBXContainerItemProxy;
			containerPortal = 1833815320D7C24C00D2096E /* Project object */;
			proxyType = 1;
			remoteGlobalIDString = 1833815A20D7C24C00D2096E;
			remoteInfo = 2FA;
		};
/* End PBXContainerItemProxy section */

/* Begin PBXFileReference section */
		1833815B20D7C24C00D2096E /* 2FA.app */ = {isa = PBXFileReference; explicitFileType = wrapper.application; includeInIndex = 0; path = 2FA.app; sourceTree = BUILT_PRODUCTS_DIR; };
		1833815E20D7C24C00D2096E /* AppDelegate.swift */ = {isa = PBXFileReference; lastKnownFileType = sourcecode.swift; path = AppDelegate.swift; sourceTree = "<group>"; };
		1833816020D7C24C00D2096E /* ViewController.swift */ = {isa = PBXFileReference; lastKnownFileType = sourcecode.swift; path = ViewController.swift; sourceTree = "<group>"; };
		1833816320D7C24C00D2096E /* Base */ = {isa = PBXFileReference; lastKnownFileType = file.storyboard; name = Base; path = Base.lproj/Main.storyboard; sourceTree = "<group>"; };
		1833816520D7C24C00D2096E /* Assets.xcassets */ = {isa = PBXFileReference; lastKnownFileType = folder.assetcatalog; path = Assets.xcassets; sourceTree = "<group>"; };
		1833816820D7C24C00D2096E /* Base */ = {isa = PBXFileReference; lastKnownFileType = file.storyboard; name = Base; path = Base.lproj/LaunchScreen.storyboard; sourceTree = "<group>"; };
		1833816A20D7C24C00D2096E /* Info.plist */ = {isa = PBXFileReference; lastKnownFileType = text.plist.xml; path = Info.plist; sourceTree = "<group>"; };
		1833816F20D7C24C00D2096E /* 2FATests.xctest */ = {isa = PBXFileReference; explicitFileType = wrapper.cfbundle; includeInIndex = 0; path = 2FATests.xctest; sourceTree = BUILT_PRODUCTS_DIR; };
		1833817320D7C24C00D2096E /* _FATests.swift */ = {isa = PBXFileReference; lastKnownFileType = sourcecode.swift; path = _FATests.swift; sourceTree = "<group>"; };
		1833817520D7C24C00D2096E /* Info.plist */ = {isa = PBXFileReference; lastKnownFileType = text.plist.xml; path = Info.plist; sourceTree = "<group>"; };
		1833817A20D7C24C00D2096E /* 2FAUITests.xctest */ = {isa = PBXFileReference; explicitFileType = wrapper.cfbundle; includeInIndex = 0; path = 2FAUITests.xctest; sourceTree = BUILT_PRODUCTS_DIR; };
		1833817E20D7C24C00D2096E /* _FAUITests.swift */ = {isa = PBXFileReference; lastKnownFileType = sourcecode.swift; path = _FAUITests.swift; sourceTree = "<group>"; };
		1833818020D7C24C00D2096E /* Info.plist */ = {isa = PBXFileReference; lastKnownFileType = text.plist.xml; path = Info.plist; sourceTree = "<group>"; };
/* End PBXFileReference section */

/* Begin PBXFrameworksBuildPhase section */
		1833815820D7C24C00D2096E /* Frameworks */ = {
			isa = PBXFrameworksBuildPhase;
			buildActionMask = 2147483647;
			files = (
			);
			runOnlyForDeploymentPostprocessing = 0;
		};
		1833816C20D7C24C00D2096E /* Frameworks */ = {
			isa = PBXFrameworksBuildPhase;
			buildActionMask = 2147483647;
			files = (
			);
			runOnlyForDeploymentPostprocessing = 0;
		};
		1833817720D7C24C00D2096E /* Frameworks */ = {
			isa = PBXFrameworksBuildPhase;
			buildActionMask = 2147483647;
			files = (
			);
			runOnlyForDeploymentPostprocessing = 0;
		};
/* End PBXFrameworksBuildPhase section */

/* Begin PBXGroup section */
		1833815220D7C24C00D2096E = {
			isa = PBXGroup;
			children = (
				1833815D20D7C24C00D2096E /* 2FA */,
				1833817220D7C24C00D2096E /* 2FATests */,
				1833817D20D7C24C00D2096E /* 2FAUITests */,
				1833815C20D7C24C00D2096E /* Products */,
			);
			sourceTree = "<group>";
		};
		1833815C20D7C24C00D2096E /* Products */ = {
			isa = PBXGroup;
			children = (
				1833815B20D7C24C00D2096E /* 2FA.app */,
				1833816F20D7C24C00D2096E /* 2FATests.xctest */,
				1833817A20D7C24C00D2096E /* 2FAUITests.xctest */,
			);
			name = Products;
			sourceTree = "<group>";
		};
		1833815D20D7C24C00D2096E /* 2FA */ = {
			isa = PBXGroup;
			children = (
				1833815E20D7C24C00D2096E /* AppDelegate.swift */,
				1833816020D7C24C00D2096E /* ViewController.swift */,
				1833816220D7C24C00D2096E /* Main.storyboard */,
				1833816520D7C24C00D2096E /* Assets.xcassets */,
				1833816720D7C24C00D2096E /* LaunchScreen.storyboard */,
				1833816A20D7C24C00D2096E /* Info.plist */,
			);
			path = 2FA;
			sourceTree = "<group>";
		};
		1833817220D7C24C00D2096E /* 2FATests */ = {
			isa = PBXGroup;
			children = (
				1833817320D7C24C00D2096E /* _FATests.swift */,
				1833817520D7C24C00D2096E /* Info.plist */,
			);
			path = 2FATests;
			sourceTree = "<group>";
		};
		1833817D20D7C24C00D2096E /* 2FAUITests */ = {
			isa = PBXGroup;
			children = (
				1833817E20D7C24C00D2096E /* _FAUITests.swift */,
				1833818020D7C24C00D2096E /* Info.plist */,
			);
			path = 2FAUITests;
			sourceTree = "<group>";
		};
/* End PBXGroup section */

/* Begin PBXNativeTarget section */
		1833815A20D7C24C00D2096E /* 2FA */ = {
			isa = PBXNativeTarget;
			buildConfigurationList = 1833818320D7C24C00D2096E /* Build configuration list for PBXNativeTarget "2FA" */;
			buildPhases = (
				1833815720D7C24C00D2096E /* Sources */,
				1833815820D7C24C00D2096E /* Frameworks */,
				1833815920D7C24C00D2096E /* Resources */,
			);
			buildRules = (
			);
			dependencies = (
			);
			name = 2FA;
			productName = 2FA;
			productReference = 1833815B20D7C24C00D2096E /* 2FA.app */;
			productType = "com.apple.product-type.application";
		};
		1833816E20D7C24C00D2096E /* 2FATests */ = {
			isa = PBXNativeTarget;
			buildConfigurationList = 1833818620D7C24C00D2096E /* Build configuration list for PBXNativeTarget "2FATests" */;
			buildPhases = (
				1833816B20D7C24C00D2096E /* Sources */,
				1833816C20D7C24C00D2096E /* Frameworks */,
				1833816D20D7C24C00D2096E /* Resources */,
			);
			buildRules = (
			);
			dependencies = (
				1833817120D7C24C00D2096E /* PBXTargetDependency */,
			);
			name = 2FATests;
			productName = 2FATests;
			productReference = 1833816F20D7C24C00D2096E /* 2FATests.xctest */;
			productType = "com.apple.product-type.bundle.unit-test";
		};
		1833817920D7C24C00D2096E /* 2FAUITests */ = {
			isa = PBXNativeTarget;
			buildConfigurationList = 1833818920D7C24C00D2096E /* Build configuration list for PBXNativeTarget "2FAUITests" */;
			buildPhases = (
				1833817620D7C24C00D2096E /* Sources */,
				1833817720D7C24C00D2096E /* Frameworks */,
				1833817820D7C24C00D2096E /* Resources */,
			);
			buildRules = (
			);
			dependencies = (
				1833817C20D7C24C00D2096E /* PBXTargetDependency */,
			);
			name = 2FAUITests;
			productName = 2FAUITests;
			productReference = 1833817A20D7C24C00D2096E /* 2FAUITests.xctest */;
			productType = "com.apple.product-type.bundle.ui-testing";
		};
/* End PBXNativeTarget section */

/* Begin PBXProject section */
		1833815320D7C24C00D2096E /* Project object */ = {
			isa = PBXProject;
			attributes = {
				LastSwiftUpdateCheck = 0920;
				LastUpgradeCheck = 0920;
				ORGANIZATIONNAME = apple;
				TargetAttributes = {
					1833815A20D7C24C00D2096E = {
						CreatedOnToolsVersion = 9.2;
						ProvisioningStyle = Automatic;
					};
					1833816E20D7C24C00D2096E = {
						CreatedOnToolsVersion = 9.2;
						ProvisioningStyle = Automatic;
						TestTargetID = 1833815A20D7C24C00D2096E;
					};
					1833817920D7C24C00D2096E = {
						CreatedOnToolsVersion = 9.2;
						ProvisioningStyle = Automatic;
						TestTargetID = 1833815A20D7C24C00D2096E;
					};
				};
			};
			buildConfigurationList = 1833815620D7C24C00D2096E /* Build configuration list for PBXProject "2FA" */;
			compatibilityVersion = "Xcode 8.0";
			developmentRegion = en;
			hasScannedForEncodings = 0;
			knownRegions = (
				en,
				Base,
			);
			mainGroup = 1833815220D7C24C00D2096E;
			productRefGroup = 1833815C20D7C24C00D2096E /* Products */;
			projectDirPath = "";
			projectRoot = "";
			targets = (
				1833815A20D7C24C00D2096E /* 2FA */,
				1833816E20D7C24C00D2096E /* 2FATests */,
				1833817920D7C24C00D2096E /* 2FAUITests */,
			);
		};
/* End PBXProject section */

/* Begin PBXResourcesBuildPhase section */
		1833815920D7C24C00D2096E /* Resources */ = {
			isa = PBXResourcesBuildPhase;
			buildActionMask = 2147483647;
			files = (
				1833816920D7C24C00D2096E /* LaunchScreen.storyboard in Resources */,
				1833816620D7C24C00D2096E /* Assets.xcassets in Resources */,
				1833816420D7C24C00D2096E /* Main.storyboard in Resources */,
			);
			runOnlyForDeploymentPostprocessing = 0;
		};
		1833816D20D7C24C00D2096E /* Resources */ = {
			isa = PBXResourcesBuildPhase;
			buildActionMask = 2147483647;
			files = (
			);
			runOnlyForDeploymentPostprocessing = 0;
		};
		1833817820D7C24C00D2096E /* Resources */ = {
			isa = PBXResourcesBuildPhase;
			buildActionMask = 2147483647;
			files = (
			);
			runOnlyForDeploymentPostprocessing = 0;
		};
/* End PBXResourcesBuildPhase section */

/* Begin PBXSourcesBuildPhase section */
		1833815720D7C24C00D2096E /* Sources */ = {
			isa = PBXSourcesBuildPhase;
			buildActionMask = 2147483647;
			files = (
				1833816120D7C24C00D2096E /* ViewController.swift in Sources */,
				1833815F20D7C24C00D2096E /* AppDelegate.swift in Sources */,
			);
			runOnlyForDeploymentPostprocessing = 0;
		};
		1833816B20D7C24C00D2096E /* Sources */ = {
			isa = PBXSourcesBuildPhase;
			buildActionMask = 2147483647;
			files = (
				1833817420D7C24C00D2096E /* _FATests.swift in Sources */,
			);
			runOnlyForDeploymentPostprocessing = 0;
		};
		1833817620D7C24C00D2096E /* Sources */ = {
			isa = PBXSourcesBuildPhase;
			buildActionMask = 2147483647;
			files = (
				1833817F20D7C24C00D2096E /* _FAUITests.swift in Sources */,
			);
			runOnlyForDeploymentPostprocessing = 0;
		};
/* End PBXSourcesBuildPhase section */

/* Begin PBXTargetDependency section */
		1833817120D7C24C00D2096E /* PBXTargetDependency */ = {
			isa = PBXTargetDependency;
			target = 1833815A20D7C24C00D2096E /* 2FA */;
			targetProxy = 1833817020D7C24C00D2096E /* PBXContainerItemProxy */;
		};
		1833817C20D7C24C00D2096E /* PBXTargetDependency */ = {
			isa = PBXTargetDependency;
			target = 1833815A20D7C24C00D2096E /* 2FA */;
			targetProxy = 1833817B20D7C24C00D2096E /* PBXContainerItemProxy */;
		};
/* End PBXTargetDependency section */

/* Begin PBXVariantGroup section */
		1833816220D7C24C00D2096E /* Main.storyboard */ = {
			isa = PBXVariantGroup;
			children = (
				1833816320D7C24C00D2096E /* Base */,
			);
			name = Main.storyboard;
			sourceTree = "<group>";
		};
		1833816720D7C24C00D2096E /* LaunchScreen.storyboard */ = {
			isa = PBXVariantGroup;
			children = (
				1833816820D7C24C00D2096E /* Base */,
			);
			name = LaunchScreen.storyboard;
			sourceTree = "<group>";
		};
/* End PBXVariantGroup section */

/* Begin XCBuildConfiguration section */
		1833818120D7C24C00D2096E /* Debug */ = {
			isa = XCBuildConfiguration;
			buildSettings = {
				ALWAYS_SEARCH_USER_PATHS = NO;
				CLANG_ANALYZER_NONNULL = YES;
				CLANG_ANALYZER_NUMBER_OBJECT_CONVERSION = YES_AGGRESSIVE;
				CLANG_CXX_LANGUAGE_STANDARD = "gnu++14";
				CLANG_CXX_LIBRARY = "libc++";
				CLANG_ENABLE_MODULES = YES;
				CLANG_ENABLE_OBJC_ARC = YES;
				CLANG_WARN_BLOCK_CAPTURE_AUTORELEASING = YES;
				CLANG_WARN_BOOL_CONVERSION = YES;
				CLANG_WARN_COMMA = YES;
				CLANG_WARN_CONSTANT_CONVERSION = YES;
				CLANG_WARN_DIRECT_OBJC_ISA_USAGE = YES_ERROR;
				CLANG_WARN_DOCUMENTATION_COMMENTS = YES;
				CLANG_WARN_EMPTY_BODY = YES;
				CLANG_WARN_ENUM_CONVERSION = YES;
				CLANG_WARN_INFINITE_RECURSION = YES;
				CLANG_WARN_INT_CONVERSION = YES;
				CLANG_WARN_NON_LITERAL_NULL_CONVERSION = YES;
				CLANG_WARN_OBJC_LITERAL_CONVERSION = YES;
				CLANG_WARN_OBJC_ROOT_CLASS = YES_ERROR;
				CLANG_WARN_RANGE_LOOP_ANALYSIS = YES;
				CLANG_WARN_STRICT_PROTOTYPES = YES;
				CLANG_WARN_SUSPICIOUS_MOVE = YES;
				CLANG_WARN_UNGUARDED_AVAILABILITY = YES_AGGRESSIVE;
				CLANG_WARN_UNREACHABLE_CODE = YES;
				CLANG_WARN__DUPLICATE_METHOD_MATCH = YES;
				CODE_SIGN_IDENTITY = "iPhone Developer";
				COPY_PHASE_STRIP = NO;
				DEBUG_INFORMATION_FORMAT = dwarf;
				ENABLE_STRICT_OBJC_MSGSEND = YES;
				ENABLE_TESTABILITY = YES;
				GCC_C_LANGUAGE_STANDARD = gnu11;
				GCC_DYNAMIC_NO_PIC = NO;
				GCC_NO_COMMON_BLOCKS = YES;
				GCC_OPTIMIZATION_LEVEL = 0;
				GCC_PREPROCESSOR_DEFINITIONS = (
					"DEBUG=1",
					"$(inherited)",
				);
				GCC_WARN_64_TO_32_BIT_CONVERSION = YES;
				GCC_WARN_ABOUT_RETURN_TYPE = YES_ERROR;
				GCC_WARN_UNDECLARED_SELECTOR = YES;
				GCC_WARN_UNINITIALIZED_AUTOS = YES_AGGRESSIVE;
				GCC_WARN_UNUSED_FUNCTION = YES;
				GCC_WARN_UNUSED_VARIABLE = YES;
				IPHONEOS_DEPLOYMENT_TARGET = 11.2;
				MTL_ENABLE_DEBUG_INFO = YES;
				ONLY_ACTIVE_ARCH = YES;
				SDKROOT = iphoneos;
				SWIFT_ACTIVE_COMPILATION_CONDITIONS = DEBUG;
				SWIFT_OPTIMIZATION_LEVEL = "-Onone";
			};
			name = Debug;
		};
		1833818220D7C24C00D2096E /* Release */ = {
			isa = XCBuildConfiguration;
			buildSettings = {
				ALWAYS_SEARCH_USER_PATHS = NO;
				CLANG_ANALYZER_NONNULL = YES;
				CLANG_ANALYZER_NUMBER_OBJECT_CONVERSION = YES_AGGRESSIVE;
				CLANG_CXX_LANGUAGE_STANDARD = "gnu++14";
				CLANG_CXX_LIBRARY = "libc++";
				CLANG_ENABLE_MODULES = YES;
				CLANG_ENABLE_OBJC_ARC = YES;
				CLANG_WARN_BLOCK_CAPTURE_AUTORELEASING = YES;
				CLANG_WARN_BOOL_CONVERSION = YES;
				CLANG_WARN_COMMA = YES;
				CLANG_WARN_CONSTANT_CONVERSION = YES;
				CLANG_WARN_DIRECT_OBJC_ISA_USAGE = YES_ERROR;
				CLANG_WARN_DOCUMENTATION_COMMENTS = YES;
				CLANG_WARN_EMPTY_BODY = YES;
				CLANG_WARN_ENUM_CONVERSION = YES;
				CLANG_WARN_INFINITE_RECURSION = YES;
				CLANG_WARN_INT_CONVERSION = YES;
				CLANG_WARN_NON_LITERAL_NULL_CONVERSION = YES;
				CLANG_WARN_OBJC_LITERAL_CONVERSION = YES;
				CLANG_WARN_OBJC_ROOT_CLASS = YES_ERROR;
				CLANG_WARN_RANGE_LOOP_ANALYSIS = YES;
				CLANG_WARN_STRICT_PROTOTYPES = YES;
				CLANG_WARN_SUSPICIOUS_MOVE = YES;
				CLANG_WARN_UNGUARDED_AVAILABILITY = YES_AGGRESSIVE;
				CLANG_WARN_UNREACHABLE_CODE = YES;
				CLANG_WARN__DUPLICATE_METHOD_MATCH = YES;
				CODE_SIGN_IDENTITY = "iPhone Developer";
				COPY_PHASE_STRIP = NO;
				DEBUG_INFORMATION_FORMAT = "dwarf-with-dsym";
				ENABLE_NS_ASSERTIONS = NO;
				ENABLE_STRICT_OBJC_MSGSEND = YES;
				GCC_C_LANGUAGE_STANDARD = gnu11;
				GCC_NO_COMMON_BLOCKS = YES;
				GCC_WARN_64_TO_32_BIT_CONVERSION = YES;
				GCC_WARN_ABOUT_RETURN_TYPE = YES_ERROR;
				GCC_WARN_UNDECLARED_SELECTOR = YES;
				GCC_WARN_UNINITIALIZED_AUTOS = YES_AGGRESSIVE;
				GCC_WARN_UNUSED_FUNCTION = YES;
				GCC_WARN_UNUSED_VARIABLE = YES;
				IPHONEOS_DEPLOYMENT_TARGET = 11.2;
				MTL_ENABLE_DEBUG_INFO = NO;
				SDKROOT = iphoneos;
				SWIFT_OPTIMIZATION_LEVEL = "-Owholemodule";
				VALIDATE_PRODUCT = YES;
			};
			name = Release;
		};
		1833818420D7C24C00D2096E /* Debug */ = {
			isa = XCBuildConfiguration;
			buildSettings = {
				ASSETCATALOG_COMPILER_APPICON_NAME = AppIcon;
				CODE_SIGN_STYLE = Automatic;
				DEVELOPMENT_TEAM = JMJFE5DQ8M;
				INFOPLIST_FILE = 2FA/Info.plist;
				LD_RUNPATH_SEARCH_PATHS = "$(inherited) @executable_path/Frameworks";
				PRODUCT_BUNDLE_IDENTIFIER = "vivekApp.-FA";
				PRODUCT_NAME = "$(TARGET_NAME)";
				SWIFT_VERSION = 4.0;
				TARGETED_DEVICE_FAMILY = "1,2";
			};
			name = Debug;
		};
		1833818520D7C24C00D2096E /* Release */ = {
			isa = XCBuildConfiguration;
			buildSettings = {
				ASSETCATALOG_COMPILER_APPICON_NAME = AppIcon;
				CODE_SIGN_STYLE = Automatic;
				DEVELOPMENT_TEAM = JMJFE5DQ8M;
				INFOPLIST_FILE = 2FA/Info.plist;
				LD_RUNPATH_SEARCH_PATHS = "$(inherited) @executable_path/Frameworks";
				PRODUCT_BUNDLE_IDENTIFIER = "vivekApp.-FA";
				PRODUCT_NAME = "$(TARGET_NAME)";
				SWIFT_VERSION = 4.0;
				TARGETED_DEVICE_FAMILY = "1,2";
			};
			name = Release;
		};
		1833818720D7C24C00D2096E /* Debug */ = {
			isa = XCBuildConfiguration;
			buildSettings = {
				ALWAYS_EMBED_SWIFT_STANDARD_LIBRARIES = YES;
				BUNDLE_LOADER = "$(TEST_HOST)";
				CODE_SIGN_STYLE = Automatic;
				DEVELOPMENT_TEAM = JMJFE5DQ8M;
				INFOPLIST_FILE = 2FATests/Info.plist;
				LD_RUNPATH_SEARCH_PATHS = "$(inherited) @executable_path/Frameworks @loader_path/Frameworks";
				PRODUCT_BUNDLE_IDENTIFIER = "vivekApp.-FATests";
				PRODUCT_NAME = "$(TARGET_NAME)";
				SWIFT_VERSION = 4.0;
				TARGETED_DEVICE_FAMILY = "1,2";
				TEST_HOST = "$(BUILT_PRODUCTS_DIR)/2FA.app/2FA";
			};
			name = Debug;
		};
		1833818820D7C24C00D2096E /* Release */ = {
			isa = XCBuildConfiguration;
			buildSettings = {
				ALWAYS_EMBED_SWIFT_STANDARD_LIBRARIES = YES;
				BUNDLE_LOADER = "$(TEST_HOST)";
				CODE_SIGN_STYLE = Automatic;
				DEVELOPMENT_TEAM = JMJFE5DQ8M;
				INFOPLIST_FILE = 2FATests/Info.plist;
				LD_RUNPATH_SEARCH_PATHS = "$(inherited) @executable_path/Frameworks @loader_path/Frameworks";
				PRODUCT_BUNDLE_IDENTIFIER = "vivekApp.-FATests";
				PRODUCT_NAME = "$(TARGET_NAME)";
				SWIFT_VERSION = 4.0;
				TARGETED_DEVICE_FAMILY = "1,2";
				TEST_HOST = "$(BUILT_PRODUCTS_DIR)/2FA.app/2FA";
			};
			name = Release;
		};
		1833818A20D7C24C00D2096E /* Debug */ = {
			isa = XCBuildConfiguration;
			buildSettings = {
				ALWAYS_EMBED_SWIFT_STANDARD_LIBRARIES = YES;
				CODE_SIGN_STYLE = Automatic;
				DEVELOPMENT_TEAM = JMJFE5DQ8M;
				INFOPLIST_FILE = 2FAUITests/Info.plist;
				LD_RUNPATH_SEARCH_PATHS = "$(inherited) @executable_path/Frameworks @loader_path/Frameworks";
				PRODUCT_BUNDLE_IDENTIFIER = "vivekApp.-FAUITests";
				PRODUCT_NAME = "$(TARGET_NAME)";
				SWIFT_VERSION = 4.0;
				TARGETED_DEVICE_FAMILY = "1,2";
				TEST_TARGET_NAME = 2FA;
			};
			name = Debug;
		};
		1833818B20D7C24C00D2096E /* Release */ = {
			isa = XCBuildConfiguration;
			buildSettings = {
				ALWAYS_EMBED_SWIFT_STANDARD_LIBRARIES = YES;
				CODE_SIGN_STYLE = Automatic;
				DEVELOPMENT_TEAM = JMJFE5DQ8M;
				INFOPLIST_FILE = 2FAUITests/Info.plist;
				LD_RUNPATH_SEARCH_PATHS = "$(inherited) @executable_path/Frameworks @loader_path/Frameworks";
				PRODUCT_BUNDLE_IDENTIFIER = "vivekApp.-FAUITests";
				PRODUCT_NAME = "$(TARGET_NAME)";
				SWIFT_VERSION = 4.0;
				TARGETED_DEVICE_FAMILY = "1,2";
				TEST_TARGET_NAME = 2FA;
			};
			name = Release;
		};
/* End XCBuildConfiguration section */

/* Begin XCConfigurationList section */
		1833815620D7C24C00D2096E /* Build configuration list for PBXProject "2FA" */ = {
			isa = XCConfigurationList;
			buildConfigurations = (
				1833818120D7C24C00D2096E /* Debug */,
				1833818220D7C24C00D2096E /* Release */,
			);
			defaultConfigurationIsVisible = 0;
			defaultConfigurationName = Release;
		};
		1833818320D7C24C00D2096E /* Build configuration list for PBXNativeTarget "2FA" */ = {
			isa = XCConfigurationList;
			buildConfigurations = (
				1833818420D7C24C00D2096E /* Debug */,
				1833818520D7C24C00D2096E /* Release */,
			);
			defaultConfigurationIsVisible = 0;
			defaultConfigurationName = Release;
		};
		1833818620D7C24C00D2096E /* Build configuration list for PBXNativeTarget "2FATests" */ = {
			isa = XCConfigurationList;
			buildConfigurations = (
				1833818720D7C24C00D2096E /* Debug */,
				1833818820D7C24C00D2096E /* Release */,
			);
			defaultConfigurationIsVisible = 0;
			defaultConfigurationName = Release;
		};
		1833818920D7C24C00D2096E /* Build configuration list for PBXNativeTarget "2FAUITests" */ = {
			isa = XCConfigurationList;
			buildConfigurations = (
				1833818A20D7C24C00D2096E /* Debug */,
				1833818B20D7C24C00D2096E /* Release */,
			);
			defaultConfigurationIsVisible = 0;
			defaultConfigurationName = Release;
		};
/* End XCConfigurationList section */
	};
	rootObject = 1833815320D7C24C00D2096E /* Project object */;
}
